// !$*UTF8*$!
{
	archiveVersion = 1;
	classes = {
	};
	objectVersion = 54;
	objects = {

/* Begin PBXBuildFile section */
		847035561F784AF2007FBB6C /* UI.swift in Sources */ = {isa = PBXBuildFile; fileRef = 847035551F784AF2007FBB6C /* UI.swift */; };
		847035581F7866E3007FBB6C /* AutoConnectThread.swift in Sources */ = {isa = PBXBuildFile; fileRef = 847035571F7866E3007FBB6C /* AutoConnectThread.swift */; };
		847C8C531F78A02800707FC7 /* ReceiverController.swift in Sources */ = {isa = PBXBuildFile; fileRef = 847C8C521F78A02800707FC7 /* ReceiverController.swift */; };
		8480CAB01F779AF600A8B92F /* AppDelegate.swift in Sources */ = {isa = PBXBuildFile; fileRef = 8480CAAF1F779AF600A8B92F /* AppDelegate.swift */; };
		8480CAB21F779AF600A8B92F /* ViewController.swift in Sources */ = {isa = PBXBuildFile; fileRef = 8480CAB11F779AF600A8B92F /* ViewController.swift */; };
		8480CAB51F779AF600A8B92F /* Main.storyboard in Resources */ = {isa = PBXBuildFile; fileRef = 8480CAB31F779AF600A8B92F /* Main.storyboard */; };
		8480CAB71F779AF600A8B92F /* Assets.xcassets in Resources */ = {isa = PBXBuildFile; fileRef = 8480CAB61F779AF600A8B92F /* Assets.xcassets */; };
		8480CABA1F779AF600A8B92F /* LaunchScreen.storyboard in Resources */ = {isa = PBXBuildFile; fileRef = 8480CAB81F779AF600A8B92F /* LaunchScreen.storyboard */; };
		84C659DC1F79AE3D007BE6E9 /* SoundOut.swift in Sources */ = {isa = PBXBuildFile; fileRef = 84C659DB1F79AE3D007BE6E9 /* SoundOut.swift */; };
		84C659DE1F79AF30007BE6E9 /* IOSSoundOut.swift in Sources */ = {isa = PBXBuildFile; fileRef = 84C659DD1F79AF30007BE6E9 /* IOSSoundOut.swift */; };
		84C659E01F79B05E007BE6E9 /* ReceiverPlayer.swift in Sources */ = {isa = PBXBuildFile; fileRef = 84C659DF1F79B05E007BE6E9 /* ReceiverPlayer.swift */; };
		84C659E21F79B7F8007BE6E9 /* Frame.swift in Sources */ = {isa = PBXBuildFile; fileRef = 84C659E11F79B7F8007BE6E9 /* Frame.swift */; };
		CEB1B9512A7A32D700C75A6B /* SoundOutput.swift in Sources */ = {isa = PBXBuildFile; fileRef = CEB1B9502A7A32D700C75A6B /* SoundOutput.swift */; };
/* End PBXBuildFile section */

/* Begin PBXFileReference section */
		847035551F784AF2007FBB6C /* UI.swift */ = {isa = PBXFileReference; fileEncoding = 4; lastKnownFileType = sourcecode.swift; path = UI.swift; sourceTree = "<group>"; };
		847035571F7866E3007FBB6C /* AutoConnectThread.swift */ = {isa = PBXFileReference; fileEncoding = 4; lastKnownFileType = sourcecode.swift; path = AutoConnectThread.swift; sourceTree = "<group>"; };
		847C8C521F78A02800707FC7 /* ReceiverController.swift */ = {isa = PBXFileReference; fileEncoding = 4; lastKnownFileType = sourcecode.swift; path = ReceiverController.swift; sourceTree = "<group>"; };
		8480CAAC1F779AF500A8B92F /* JatxMusicReceiver.app */ = {isa = PBXFileReference; explicitFileType = wrapper.application; includeInIndex = 0; path = JatxMusicReceiver.app; sourceTree = BUILT_PRODUCTS_DIR; };
		8480CAAF1F779AF600A8B92F /* AppDelegate.swift */ = {isa = PBXFileReference; lastKnownFileType = sourcecode.swift; path = AppDelegate.swift; sourceTree = "<group>"; };
		8480CAB11F779AF600A8B92F /* ViewController.swift */ = {isa = PBXFileReference; lastKnownFileType = sourcecode.swift; path = ViewController.swift; sourceTree = "<group>"; };
		8480CAB41F779AF600A8B92F /* Base */ = {isa = PBXFileReference; lastKnownFileType = file.storyboard; name = Base; path = Base.lproj/Main.storyboard; sourceTree = "<group>"; };
		8480CAB61F779AF600A8B92F /* Assets.xcassets */ = {isa = PBXFileReference; lastKnownFileType = folder.assetcatalog; path = Assets.xcassets; sourceTree = "<group>"; };
		8480CAB91F779AF600A8B92F /* Base */ = {isa = PBXFileReference; lastKnownFileType = file.storyboard; name = Base; path = Base.lproj/LaunchScreen.storyboard; sourceTree = "<group>"; };
		8480CABB1F779AF600A8B92F /* Info.plist */ = {isa = PBXFileReference; lastKnownFileType = text.plist.xml; path = Info.plist; sourceTree = "<group>"; };
		84C659DB1F79AE3D007BE6E9 /* SoundOut.swift */ = {isa = PBXFileReference; fileEncoding = 4; lastKnownFileType = sourcecode.swift; path = SoundOut.swift; sourceTree = "<group>"; };
		84C659DD1F79AF30007BE6E9 /* IOSSoundOut.swift */ = {isa = PBXFileReference; fileEncoding = 4; lastKnownFileType = sourcecode.swift; path = IOSSoundOut.swift; sourceTree = "<group>"; };
		84C659DF1F79B05E007BE6E9 /* ReceiverPlayer.swift */ = {isa = PBXFileReference; fileEncoding = 4; lastKnownFileType = sourcecode.swift; path = ReceiverPlayer.swift; sourceTree = "<group>"; };
		84C659E11F79B7F8007BE6E9 /* Frame.swift */ = {isa = PBXFileReference; fileEncoding = 4; lastKnownFileType = sourcecode.swift; path = Frame.swift; sourceTree = "<group>"; };
		CEB1B9502A7A32D700C75A6B /* SoundOutput.swift */ = {isa = PBXFileReference; fileEncoding = 4; lastKnownFileType = sourcecode.swift; path = SoundOutput.swift; sourceTree = "<group>"; };
/* End PBXFileReference section */

/* Begin PBXFrameworksBuildPhase section */
		8480CAA91F779AF500A8B92F /* Frameworks */ = {
			isa = PBXFrameworksBuildPhase;
			buildActionMask = 2147483647;
			files = (
			);
			runOnlyForDeploymentPostprocessing = 0;
		};
/* End PBXFrameworksBuildPhase section */

/* Begin PBXGroup section */
		8480CAA31F779AF500A8B92F = {
			isa = PBXGroup;
			children = (
				8480CAAE1F779AF500A8B92F /* JatxMusicReceiver */,
				8480CAAD1F779AF500A8B92F /* Products */,
			);
			sourceTree = "<group>";
		};
		8480CAAD1F779AF500A8B92F /* Products */ = {
			isa = PBXGroup;
			children = (
				8480CAAC1F779AF500A8B92F /* JatxMusicReceiver.app */,
			);
			name = Products;
			sourceTree = "<group>";
		};
		8480CAAE1F779AF500A8B92F /* JatxMusicReceiver */ = {
			isa = PBXGroup;
			children = (
				CEB1B9502A7A32D700C75A6B /* SoundOutput.swift */,
				8480CAAF1F779AF600A8B92F /* AppDelegate.swift */,
				8480CAB11F779AF600A8B92F /* ViewController.swift */,
				8480CAB31F779AF600A8B92F /* Main.storyboard */,
				8480CAB61F779AF600A8B92F /* Assets.xcassets */,
				8480CAB81F779AF600A8B92F /* LaunchScreen.storyboard */,
				8480CABB1F779AF600A8B92F /* Info.plist */,
				847035551F784AF2007FBB6C /* UI.swift */,
				847035571F7866E3007FBB6C /* AutoConnectThread.swift */,
				847C8C521F78A02800707FC7 /* ReceiverController.swift */,
				84C659DB1F79AE3D007BE6E9 /* SoundOut.swift */,
				84C659DD1F79AF30007BE6E9 /* IOSSoundOut.swift */,
				84C659DF1F79B05E007BE6E9 /* ReceiverPlayer.swift */,
				84C659E11F79B7F8007BE6E9 /* Frame.swift */,
			);
			path = JatxMusicReceiver;
			sourceTree = "<group>";
		};
/* End PBXGroup section */

/* Begin PBXNativeTarget section */
		8480CAAB1F779AF500A8B92F /* JatxMusicReceiver */ = {
			isa = PBXNativeTarget;
			buildConfigurationList = 8480CABE1F779AF600A8B92F /* Build configuration list for PBXNativeTarget "JatxMusicReceiver" */;
			buildPhases = (
				8480CAA81F779AF500A8B92F /* Sources */,
				8480CAA91F779AF500A8B92F /* Frameworks */,
				8480CAAA1F779AF500A8B92F /* Resources */,
			);
			buildRules = (
			);
			dependencies = (
			);
			name = JatxMusicReceiver;
			productName = JatxMusicReceiver;
			productReference = 8480CAAC1F779AF500A8B92F /* JatxMusicReceiver.app */;
			productType = "com.apple.product-type.application";
		};
/* End PBXNativeTarget section */

/* Begin PBXProject section */
		8480CAA41F779AF500A8B92F /* Project object */ = {
			isa = PBXProject;
			attributes = {
				BuildIndependentTargetsInParallel = YES;
				LastSwiftUpdateCheck = 0730;
				LastUpgradeCheck = 1500;
				ORGANIZATIONNAME = jatx;
				TargetAttributes = {
					8480CAAB1F779AF500A8B92F = {
						CreatedOnToolsVersion = 7.3.1;
						DevelopmentTeam = XJV93C8ZJ5;
					};
				};
			};
			buildConfigurationList = 8480CAA71F779AF500A8B92F /* Build configuration list for PBXProject "JatxMusicReceiver" */;
			compatibilityVersion = "Xcode 3.2";
			developmentRegion = en;
			hasScannedForEncodings = 0;
			knownRegions = (
				en,
				Base,
			);
			mainGroup = 8480CAA31F779AF500A8B92F;
			productRefGroup = 8480CAAD1F779AF500A8B92F /* Products */;
			projectDirPath = "";
			projectRoot = "";
			targets = (
				8480CAAB1F779AF500A8B92F /* JatxMusicReceiver */,
			);
		};
/* End PBXProject section */

/* Begin PBXResourcesBuildPhase section */
		8480CAAA1F779AF500A8B92F /* Resources */ = {
			isa = PBXResourcesBuildPhase;
			buildActionMask = 2147483647;
			files = (
				8480CABA1F779AF600A8B92F /* LaunchScreen.storyboard in Resources */,
				8480CAB71F779AF600A8B92F /* Assets.xcassets in Resources */,
				8480CAB51F779AF600A8B92F /* Main.storyboard in Resources */,
			);
			runOnlyForDeploymentPostprocessing = 0;
		};
/* End PBXResourcesBuildPhase section */

/* Begin PBXSourcesBuildPhase section */
		8480CAA81F779AF500A8B92F /* Sources */ = {
			isa = PBXSourcesBuildPhase;
			buildActionMask = 2147483647;
			files = (
				84C659E21F79B7F8007BE6E9 /* Frame.swift in Sources */,
				84C659DE1F79AF30007BE6E9 /* IOSSoundOut.swift in Sources */,
				84C659E01F79B05E007BE6E9 /* ReceiverPlayer.swift in Sources */,
				84C659DC1F79AE3D007BE6E9 /* SoundOut.swift in Sources */,
				8480CAB21F779AF600A8B92F /* ViewController.swift in Sources */,
				847C8C531F78A02800707FC7 /* ReceiverController.swift in Sources */,
				CEB1B9512A7A32D700C75A6B /* SoundOutput.swift in Sources */,
				847035581F7866E3007FBB6C /* AutoConnectThread.swift in Sources */,
				8480CAB01F779AF600A8B92F /* AppDelegate.swift in Sources */,
				847035561F784AF2007FBB6C /* UI.swift in Sources */,
			);
			runOnlyForDeploymentPostprocessing = 0;
		};
/* End PBXSourcesBuildPhase section */

/* Begin PBXVariantGroup section */
		8480CAB31F779AF600A8B92F /* Main.storyboard */ = {
			isa = PBXVariantGroup;
			children = (
				8480CAB41F779AF600A8B92F /* Base */,
			);
			name = Main.storyboard;
			sourceTree = "<group>";
		};
		8480CAB81F779AF600A8B92F /* LaunchScreen.storyboard */ = {
			isa = PBXVariantGroup;
			children = (
				8480CAB91F779AF600A8B92F /* Base */,
			);
			name = LaunchScreen.storyboard;
			sourceTree = "<group>";
		};
/* End PBXVariantGroup section */

/* Begin XCBuildConfiguration section */
		8480CABC1F779AF600A8B92F /* Debug */ = {
			isa = XCBuildConfiguration;
			buildSettings = {
				ALWAYS_SEARCH_USER_PATHS = NO;
				CLANG_ANALYZER_NONNULL = YES;
				CLANG_CXX_LANGUAGE_STANDARD = "gnu++0x";
				CLANG_CXX_LIBRARY = "libc++";
				CLANG_ENABLE_MODULES = YES;
				CLANG_ENABLE_OBJC_ARC = YES;
				CLANG_WARN_BLOCK_CAPTURE_AUTORELEASING = YES;
				CLANG_WARN_BOOL_CONVERSION = YES;
				CLANG_WARN_COMMA = YES;
				CLANG_WARN_CONSTANT_CONVERSION = YES;
				CLANG_WARN_DEPRECATED_OBJC_IMPLEMENTATIONS = YES;
				CLANG_WARN_DIRECT_OBJC_ISA_USAGE = YES_ERROR;
				CLANG_WARN_EMPTY_BODY = YES;
				CLANG_WARN_ENUM_CONVERSION = YES;
				CLANG_WARN_INFINITE_RECURSION = YES;
				CLANG_WARN_INT_CONVERSION = YES;
				CLANG_WARN_NON_LITERAL_NULL_CONVERSION = YES;
				CLANG_WARN_OBJC_IMPLICIT_RETAIN_SELF = YES;
				CLANG_WARN_OBJC_LITERAL_CONVERSION = YES;
				CLANG_WARN_OBJC_ROOT_CLASS = YES_ERROR;
				CLANG_WARN_QUOTED_INCLUDE_IN_FRAMEWORK_HEADER = YES;
				CLANG_WARN_RANGE_LOOP_ANALYSIS = YES;
				CLANG_WARN_STRICT_PROTOTYPES = YES;
				CLANG_WARN_SUSPICIOUS_MOVE = YES;
				CLANG_WARN_UNREACHABLE_CODE = YES;
				CLANG_WARN__DUPLICATE_METHOD_MATCH = YES;
				"CODE_SIGN_IDENTITY[sdk=iphoneos*]" = "iPhone Developer";
				COPY_PHASE_STRIP = NO;
				DEBUG_INFORMATION_FORMAT = dwarf;
				ENABLE_STRICT_OBJC_MSGSEND = YES;
				ENABLE_TESTABILITY = YES;
				ENABLE_USER_SCRIPT_SANDBOXING = YES;
				GCC_C_LANGUAGE_STANDARD = gnu99;
				GCC_DYNAMIC_NO_PIC = NO;
				GCC_NO_COMMON_BLOCKS = YES;
				GCC_OPTIMIZATION_LEVEL = 0;
				GCC_PREPROCESSOR_DEFINITIONS = (
					"DEBUG=1",
					"$(inherited)",
				);
				GCC_WARN_64_TO_32_BIT_CONVERSION = YES;
				GCC_WARN_ABOUT_RETURN_TYPE = YES_ERROR;
				GCC_WARN_UNDECLARED_SELECTOR = YES;
				GCC_WARN_UNINITIALIZED_AUTOS = YES_AGGRESSIVE;
				GCC_WARN_UNUSED_FUNCTION = YES;
				GCC_WARN_UNUSED_VARIABLE = YES;
				IPHONEOS_DEPLOYMENT_TARGET = 12.0;
				MTL_ENABLE_DEBUG_INFO = YES;
				ONLY_ACTIVE_ARCH = YES;
				SDKROOT = iphoneos;
				SWIFT_OPTIMIZATION_LEVEL = "-Onone";
				SWIFT_VERSION = 5.0;
				TARGETED_DEVICE_FAMILY = "1,2";
			};
			name = Debug;
		};
		8480CABD1F779AF600A8B92F /* Release */ = {
			isa = XCBuildConfiguration;
			buildSettings = {
				ALWAYS_SEARCH_USER_PATHS = NO;
				CLANG_ANALYZER_NONNULL = YES;
				CLANG_CXX_LANGUAGE_STANDARD = "gnu++0x";
				CLANG_CXX_LIBRARY = "libc++";
				CLANG_ENABLE_MODULES = YES;
				CLANG_ENABLE_OBJC_ARC = YES;
				CLANG_WARN_BLOCK_CAPTURE_AUTORELEASING = YES;
				CLANG_WARN_BOOL_CONVERSION = YES;
				CLANG_WARN_COMMA = YES;
				CLANG_WARN_CONSTANT_CONVERSION = YES;
				CLANG_WARN_DEPRECATED_OBJC_IMPLEMENTATIONS = YES;
				CLANG_WARN_DIRECT_OBJC_ISA_USAGE = YES_ERROR;
				CLANG_WARN_EMPTY_BODY = YES;
				CLANG_WARN_ENUM_CONVERSION = YES;
				CLANG_WARN_INFINITE_RECURSION = YES;
				CLANG_WARN_INT_CONVERSION = YES;
				CLANG_WARN_NON_LITERAL_NULL_CONVERSION = YES;
				CLANG_WARN_OBJC_IMPLICIT_RETAIN_SELF = YES;
				CLANG_WARN_OBJC_LITERAL_CONVERSION = YES;
				CLANG_WARN_OBJC_ROOT_CLASS = YES_ERROR;
				CLANG_WARN_QUOTED_INCLUDE_IN_FRAMEWORK_HEADER = YES;
				CLANG_WARN_RANGE_LOOP_ANALYSIS = YES;
				CLANG_WARN_STRICT_PROTOTYPES = YES;
				CLANG_WARN_SUSPICIOUS_MOVE = YES;
				CLANG_WARN_UNREACHABLE_CODE = YES;
				CLANG_WARN__DUPLICATE_METHOD_MATCH = YES;
				"CODE_SIGN_IDENTITY[sdk=iphoneos*]" = "iPhone Developer";
				COPY_PHASE_STRIP = NO;
				DEBUG_INFORMATION_FORMAT = "dwarf-with-dsym";
				ENABLE_NS_ASSERTIONS = NO;
				ENABLE_STRICT_OBJC_MSGSEND = YES;
				ENABLE_USER_SCRIPT_SANDBOXING = YES;
				GCC_C_LANGUAGE_STANDARD = gnu99;
				GCC_NO_COMMON_BLOCKS = YES;
				GCC_WARN_64_TO_32_BIT_CONVERSION = YES;
				GCC_WARN_ABOUT_RETURN_TYPE = YES_ERROR;
				GCC_WARN_UNDECLARED_SELECTOR = YES;
				GCC_WARN_UNINITIALIZED_AUTOS = YES_AGGRESSIVE;
				GCC_WARN_UNUSED_FUNCTION = YES;
				GCC_WARN_UNUSED_VARIABLE = YES;
				IPHONEOS_DEPLOYMENT_TARGET = 12.0;
				MTL_ENABLE_DEBUG_INFO = NO;
				SDKROOT = iphoneos;
				SWIFT_COMPILATION_MODE = wholemodule;
				SWIFT_VERSION = 5.0;
				TARGETED_DEVICE_FAMILY = "1,2";
				VALIDATE_PRODUCT = YES;
			};
			name = Release;
		};
		8480CABF1F779AF600A8B92F /* Debug */ = {
			isa = XCBuildConfiguration;
			buildSettings = {
				ASSETCATALOG_COMPILER_APPICON_NAME = AppIcon;
				CODE_SIGN_IDENTITY = "iPhone Developer";
				"CODE_SIGN_IDENTITY[sdk=iphoneos*]" = "iPhone Developer";
				DEVELOPMENT_TEAM = XJV93C8ZJ5;
				INFOPLIST_FILE = JatxMusicReceiver/Info.plist;
				IPHONEOS_DEPLOYMENT_TARGET = 16.0;
				LD_RUNPATH_SEARCH_PATHS = (
					"$(inherited)",
					"@executable_path/Frameworks",
				);
				PRODUCT_BUNDLE_IDENTIFIER = jatx.musicreceiver.android;
				PRODUCT_NAME = "$(TARGET_NAME)";
				PROVISIONING_PROFILE = "";
			};
			name = Debug;
		};
		8480CAC01F779AF600A8B92F /* Release */ = {
			isa = XCBuildConfiguration;
			buildSettings = {
				ASSETCATALOG_COMPILER_APPICON_NAME = AppIcon;
				CODE_SIGN_IDENTITY = "iPhone Developer";
				"CODE_SIGN_IDENTITY[sdk=iphoneos*]" = "iPhone Developer";
				DEVELOPMENT_TEAM = XJV93C8ZJ5;
				INFOPLIST_FILE = JatxMusicReceiver/Info.plist;
				IPHONEOS_DEPLOYMENT_TARGET = 16.0;
				LD_RUNPATH_SEARCH_PATHS = (
					"$(inherited)",
					"@executable_path/Frameworks",
				);
				PRODUCT_BUNDLE_IDENTIFIER = jatx.musicreceiver.android;
				PRODUCT_NAME = "$(TARGET_NAME)";
				PROVISIONING_PROFILE = "";
			};
			name = Release;
		};
/* End XCBuildConfiguration section */

/* Begin XCConfigurationList section */
		8480CAA71F779AF500A8B92F /* Build configuration list for PBXProject "JatxMusicReceiver" */ = {
			isa = XCConfigurationList;
			buildConfigurations = (
				8480CABC1F779AF600A8B92F /* Debug */,
				8480CABD1F779AF600A8B92F /* Release */,
			);
			defaultConfigurationIsVisible = 0;
			defaultConfigurationName = Release;
		};
		8480CABE1F779AF600A8B92F /* Build configuration list for PBXNativeTarget "JatxMusicReceiver" */ = {
			isa = XCConfigurationList;
			buildConfigurations = (
				8480CABF1F779AF600A8B92F /* Debug */,
				8480CAC01F779AF600A8B92F /* Release */,
			);
			defaultConfigurationIsVisible = 0;
			defaultConfigurationName = Release;
		};
/* End XCConfigurationList section */
	};
	rootObject = 8480CAA41F779AF500A8B92F /* Project object */;
}
